dependencies:
- name: memcached
  repository: oci://registry-1.docker.io/bitnamicharts
  version: 6.5.2
- name: redis
  repository: oci://registry-1.docker.io/bitnamicharts
  version: 17.11.3
- name: kafka
  repository: oci://registry-1.docker.io/bitnamicharts
  version: 26.6.2
- name: clickhouse
  repository: https://sentry-kubernetes.github.io/charts
  version: 3.5.0
- name: zookeeper
  repository: https://raw.githubusercontent.com/bitnami/charts/pre-2022/bitnami
  version: 9.0.0
- name: rabbitmq
  repository: oci://registry-1.docker.io/bitnamicharts
  version: 11.15.3
- name: postgresql
  repository: oci://registry-1.docker.io/bitnamicharts
  version: 12.5.1
- name: nginx
  repository: oci://registry-1.docker.io/bitnamicharts
  version: 14.2.2
digest: sha256:d70ff3ae1a7d47f84a102acb666239e527ed42efccdecc5e38110af496d18191
generated: "2023-12-22T19:31:29.709837011Z"
