dependencies:
- name: memcached
  repository: oci://registry-1.docker.io/bitnamicharts
  version: 6.7.1
- name: redis
  repository: oci://registry-1.docker.io/bitnamicharts
  version: 17.11.3
- name: kafka
  repository: oci://registry-1.docker.io/bitnamicharts
  version: 22.1.3
- name: clickhouse
  repository: https://sentry-kubernetes.github.io/charts
  version: 3.5.0
- name: zookeeper
  repository: https://raw.githubusercontent.com/bitnami/charts/pre-2022/bitnami
  version: 9.0.0
- name: rabbitmq
  repository: oci://registry-1.docker.io/bitnamicharts
  version: 11.15.3
- name: postgresql
  repository: oci://registry-1.docker.io/bitnamicharts
  version: 12.5.1
- name: nginx
  repository: oci://registry-1.docker.io/bitnamicharts
  version: 14.2.2
digest: sha256:8e5be6232ad2570fadb16077ff9ed7ce7176952ecf9ac6165e1f730522bf9dbf
generated: "2023-11-21T21:57:16.271366696Z"
